// !$*UTF8*$!
{
	archiveVersion = 1;
	classes = {
	};
	objectVersion = 77;
	objects = {

/* Begin PBXBuildFile section */
		8407D3A22F4E7D1400967869 /* PlateShare_Bangladesh_Blueprint.md in Resources */ = {isa = PBXBuildFile; fileRef = 8407D3A12F4E7D1400967869 /* PlateShare_Bangladesh_Blueprint.md */; };
		8446276F2F4EC69C0054DD78 /* FirebaseAI in Frameworks */ = {isa = PBXBuildFile; productRef = 8446276E2F4EC69C0054DD78 /* FirebaseAI */; };
		844627712F4EC69C0054DD78 /* FirebaseAILogic in Frameworks */ = {isa = PBXBuildFile; productRef = 844627702F4EC69C0054DD78 /* FirebaseAILogic */; };
		844627732F4EC69C0054DD78 /* FirebaseAnalytics in Frameworks */ = {isa = PBXBuildFile; productRef = 844627722F4EC69C0054DD78 /* FirebaseAnalytics */; };
		844627752F4EC69C0054DD78 /* FirebaseAnalyticsCore in Frameworks */ = {isa = PBXBuildFile; productRef = 844627742F4EC69C0054DD78 /* FirebaseAnalyticsCore */; };
		844627772F4EC69C0054DD78 /* FirebaseAnalyticsIdentitySupport in Frameworks */ = {isa = PBXBuildFile; productRef = 844627762F4EC69C0054DD78 /* FirebaseAnalyticsIdentitySupport */; };
		844627792F4EC69C0054DD78 /* FirebaseAppCheck in Frameworks */ = {isa = PBXBuildFile; productRef = 844627782F4EC69C0054DD78 /* FirebaseAppCheck */; };
		8446277B2F4EC69C0054DD78 /* FirebaseAppDistribution-Beta in Frameworks */ = {isa = PBXBuildFile; productRef = 8446277A2F4EC69C0054DD78 /* FirebaseAppDistribution-Beta */; };
		8446277D2F4EC69C0054DD78 /* FirebaseAuth in Frameworks */ = {isa = PBXBuildFile; productRef = 8446277C2F4EC69C0054DD78 /* FirebaseAuth */; };
		8446277F2F4EC69C0054DD78 /* FirebaseAuthCombine-Community in Frameworks */ = {isa = PBXBuildFile; productRef = 8446277E2F4EC69C0054DD78 /* FirebaseAuthCombine-Community */; };
		844627812F4EC69C0054DD78 /* FirebaseCore in Frameworks */ = {isa = PBXBuildFile; productRef = 844627802F4EC69C0054DD78 /* FirebaseCore */; };
		844627832F4EC69C0054DD78 /* FirebaseCrashlytics in Frameworks */ = {isa = PBXBuildFile; productRef = 844627822F4EC69C0054DD78 /* FirebaseCrashlytics */; };
		844627852F4EC69C0054DD78 /* FirebaseDatabase in Frameworks */ = {isa = PBXBuildFile; productRef = 844627842F4EC69C0054DD78 /* FirebaseDatabase */; };
		844627872F4EC69C0054DD78 /* FirebaseFirestore in Frameworks */ = {isa = PBXBuildFile; productRef = 844627862F4EC69C0054DD78 /* FirebaseFirestore */; };
		844627892F4EC69C0054DD78 /* FirebaseFirestoreCombine-Community in Frameworks */ = {isa = PBXBuildFile; productRef = 844627882F4EC69C0054DD78 /* FirebaseFirestoreCombine-Community */; };
		8446278B2F4EC69C0054DD78 /* FirebaseFunctions in Frameworks */ = {isa = PBXBuildFile; productRef = 8446278A2F4EC69C0054DD78 /* FirebaseFunctions */; };
		8446278D2F4EC69C0054DD78 /* FirebaseFunctionsCombine-Community in Frameworks */ = {isa = PBXBuildFile; productRef = 8446278C2F4EC69C0054DD78 /* FirebaseFunctionsCombine-Community */; };
		8446278F2F4EC69C0054DD78 /* FirebaseInAppMessaging-Beta in Frameworks */ = {isa = PBXBuildFile; productRef = 8446278E2F4EC69C0054DD78 /* FirebaseInAppMessaging-Beta */; };
		844627912F4EC69C0054DD78 /* FirebaseInstallations in Frameworks */ = {isa = PBXBuildFile; productRef = 844627902F4EC69C0054DD78 /* FirebaseInstallations */; };
		844627932F4EC69C0054DD78 /* FirebaseMLModelDownloader in Frameworks */ = {isa = PBXBuildFile; productRef = 844627922F4EC69C0054DD78 /* FirebaseMLModelDownloader */; };
		844627952F4EC69C0054DD78 /* FirebaseMessaging in Frameworks */ = {isa = PBXBuildFile; productRef = 844627942F4EC69C0054DD78 /* FirebaseMessaging */; };
		844627972F4EC69C0054DD78 /* FirebasePerformance in Frameworks */ = {isa = PBXBuildFile; productRef = 844627962F4EC69C0054DD78 /* FirebasePerformance */; };
		844627992F4EC69C0054DD78 /* FirebaseRemoteConfig in Frameworks */ = {isa = PBXBuildFile; productRef = 844627982F4EC69C0054DD78 /* FirebaseRemoteConfig */; };
		8446279B2F4EC69C0054DD78 /* FirebaseStorage in Frameworks */ = {isa = PBXBuildFile; productRef = 8446279A2F4EC69C0054DD78 /* FirebaseStorage */; };
		8446279D2F4EC69C0054DD78 /* FirebaseStorageCombine-Community in Frameworks */ = {isa = PBXBuildFile; productRef = 8446279C2F4EC69C0054DD78 /* FirebaseStorageCombine-Community */; };
		844627A72F4ECA960054DD78 /* FirebaseAI in Frameworks */ = {isa = PBXBuildFile; productRef = 844627A62F4ECA960054DD78 /* FirebaseAI */; };
		844627A92F4ECA960054DD78 /* FirebaseAILogic in Frameworks */ = {isa = PBXBuildFile; productRef = 844627A82F4ECA960054DD78 /* FirebaseAILogic */; };
		844627AB2F4ECA960054DD78 /* FirebaseAnalytics in Frameworks */ = {isa = PBXBuildFile; productRef = 844627AA2F4ECA960054DD78 /* FirebaseAnalytics */; };
		844627AD2F4ECA960054DD78 /* FirebaseAnalyticsCore in Frameworks */ = {isa = PBXBuildFile; productRef = 844627AC2F4ECA960054DD78 /* FirebaseAnalyticsCore */; };
		844627AF2F4ECA960054DD78 /* FirebaseAnalyticsIdentitySupport in Frameworks */ = {isa = PBXBuildFile; productRef = 844627AE2F4ECA960054DD78 /* FirebaseAnalyticsIdentitySupport */; };
		844627B12F4ECA960054DD78 /* FirebaseAppCheck in Frameworks */ = {isa = PBXBuildFile; productRef = 844627B02F4ECA960054DD78 /* FirebaseAppCheck */; };
		844627B32F4ECA960054DD78 /* FirebaseAppDistribution-Beta in Frameworks */ = {isa = PBXBuildFile; productRef = 844627B22F4ECA960054DD78 /* FirebaseAppDistribution-Beta */; };
		844627B52F4ECA960054DD78 /* FirebaseAuth in Frameworks */ = {isa = PBXBuildFile; productRef = 844627B42F4ECA960054DD78 /* FirebaseAuth */; };
		844627B72F4ECA960054DD78 /* FirebaseAuthCombine-Community in Frameworks */ = {isa = PBXBuildFile; productRef = 844627B62F4ECA960054DD78 /* FirebaseAuthCombine-Community */; };
		844627B92F4ECA960054DD78 /* FirebaseCore in Frameworks */ = {isa = PBXBuildFile; productRef = 844627B82F4ECA960054DD78 /* FirebaseCore */; };
		844627BB2F4ECA960054DD78 /* FirebaseCrashlytics in Frameworks */ = {isa = PBXBuildFile; productRef = 844627BA2F4ECA960054DD78 /* FirebaseCrashlytics */; };
		844627BD2F4ECA960054DD78 /* FirebaseDatabase in Frameworks */ = {isa = PBXBuildFile; productRef = 844627BC2F4ECA960054DD78 /* FirebaseDatabase */; };
		844627BF2F4ECA960054DD78 /* FirebaseFirestore in Frameworks */ = {isa = PBXBuildFile; productRef = 844627BE2F4ECA960054DD78 /* FirebaseFirestore */; };
		844627C12F4ECA960054DD78 /* FirebaseFirestoreCombine-Community in Frameworks */ = {isa = PBXBuildFile; productRef = 844627C02F4ECA960054DD78 /* FirebaseFirestoreCombine-Community */; };
		844627C32F4ECA960054DD78 /* FirebaseFunctions in Frameworks */ = {isa = PBXBuildFile; productRef = 844627C22F4ECA960054DD78 /* FirebaseFunctions */; };
		844627C52F4ECA960054DD78 /* FirebaseFunctionsCombine-Community in Frameworks */ = {isa = PBXBuildFile; productRef = 844627C42F4ECA960054DD78 /* FirebaseFunctionsCombine-Community */; };
		844627C72F4ECA960054DD78 /* FirebaseInAppMessaging-Beta in Frameworks */ = {isa = PBXBuildFile; productRef = 844627C62F4ECA960054DD78 /* FirebaseInAppMessaging-Beta */; };
		844627C92F4ECA960054DD78 /* FirebaseInstallations in Frameworks */ = {isa = PBXBuildFile; productRef = 844627C82F4ECA960054DD78 /* FirebaseInstallations */; };
		844627CB2F4ECA960054DD78 /* FirebaseMLModelDownloader in Frameworks */ = {isa = PBXBuildFile; productRef = 844627CA2F4ECA960054DD78 /* FirebaseMLModelDownloader */; };
		844627CD2F4ECA960054DD78 /* FirebaseMessaging in Frameworks */ = {isa = PBXBuildFile; productRef = 844627CC2F4ECA960054DD78 /* FirebaseMessaging */; };
		844627CF2F4ECA960054DD78 /* FirebasePerformance in Frameworks */ = {isa = PBXBuildFile; productRef = 844627CE2F4ECA960054DD78 /* FirebasePerformance */; };
		844627D12F4ECA960054DD78 /* FirebaseRemoteConfig in Frameworks */ = {isa = PBXBuildFile; productRef = 844627D02F4ECA960054DD78 /* FirebaseRemoteConfig */; };
		844627D32F4ECA960054DD78 /* FirebaseStorage in Frameworks */ = {isa = PBXBuildFile; productRef = 844627D22F4ECA960054DD78 /* FirebaseStorage */; };
		844627D52F4ECA960054DD78 /* FirebaseStorageCombine-Community in Frameworks */ = {isa = PBXBuildFile; productRef = 844627D42F4ECA960054DD78 /* FirebaseStorageCombine-Community */; };
/* End PBXBuildFile section */

/* Begin PBXContainerItemProxy section */
		8407D3852F4E7CD000967869 /* PBXContainerItemProxy */ = {
			isa = PBXContainerItemProxy;
			containerPortal = 8407D36F2F4E7CD000967869 /* Project object */;
			proxyType = 1;
			remoteGlobalIDString = 8407D3762F4E7CD000967869;
			remoteInfo = PlateShareBD;
		};
		8407D38F2F4E7CD000967869 /* PBXContainerItemProxy */ = {
			isa = PBXContainerItemProxy;
			containerPortal = 8407D36F2F4E7CD000967869 /* Project object */;
			proxyType = 1;
			remoteGlobalIDString = 8407D3762F4E7CD000967869;
			remoteInfo = PlateShareBD;
		};
/* End PBXContainerItemProxy section */

/* Begin PBXFileReference section */
		8407D3772F4E7CD000967869 /* PlateShareBD.app */ = {isa = PBXFileReference; explicitFileType = wrapper.application; includeInIndex = 0; path = PlateShareBD.app; sourceTree = BUILT_PRODUCTS_DIR; };
		8407D3842F4E7CD000967869 /* PlateShareBDTests.xctest */ = {isa = PBXFileReference; explicitFileType = wrapper.cfbundle; includeInIndex = 0; path = PlateShareBDTests.xctest; sourceTree = BUILT_PRODUCTS_DIR; };
		8407D38E2F4E7CD000967869 /* PlateShareBDUITests.xctest */ = {isa = PBXFileReference; explicitFileType = wrapper.cfbundle; includeInIndex = 0; path = PlateShareBDUITests.xctest; sourceTree = BUILT_PRODUCTS_DIR; };
		8407D3A12F4E7D1400967869 /* PlateShare_Bangladesh_Blueprint.md */ = {isa = PBXFileReference; lastKnownFileType = net.daringfireball.markdown; path = PlateShare_Bangladesh_Blueprint.md; sourceTree = "<group>"; };
/* End PBXFileReference section */

/* Begin PBXFileSystemSynchronizedBuildFileExceptionSet section */
		844627D72F4ECDCB0054DD78 /* Exceptions for "PlateShareBD" folder in "PlateShareBD" target */ = {
			isa = PBXFileSystemSynchronizedBuildFileExceptionSet;
			membershipExceptions = (
				Info.plist,
			);
			target = 8407D3762F4E7CD000967869 /* PlateShareBD */;
		};
/* End PBXFileSystemSynchronizedBuildFileExceptionSet section */

/* Begin PBXFileSystemSynchronizedRootGroup section */
		8407D3792F4E7CD000967869 /* PlateShareBD */ = {
			isa = PBXFileSystemSynchronizedRootGroup;
			exceptions = (
				844627D72F4ECDCB0054DD78 /* Exceptions for "PlateShareBD" folder in "PlateShareBD" target */,
			);
			path = PlateShareBD;
			sourceTree = "<group>";
		};
		8407D3872F4E7CD000967869 /* PlateShareBDTests */ = {
			isa = PBXFileSystemSynchronizedRootGroup;
			path = PlateShareBDTests;
			sourceTree = "<group>";
		};
		8407D3912F4E7CD000967869 /* PlateShareBDUITests */ = {
			isa = PBXFileSystemSynchronizedRootGroup;
			path = PlateShareBDUITests;
			sourceTree = "<group>";
		};
/* End PBXFileSystemSynchronizedRootGroup section */

/* Begin PBXFrameworksBuildPhase section */
		8407D3742F4E7CD000967869 /* Frameworks */ = {
			isa = PBXFrameworksBuildPhase;
			buildActionMask = 2147483647;
			files = (
				844627A72F4ECA960054DD78 /* FirebaseAI in Frameworks */,
				8446277B2F4EC69C0054DD78 /* FirebaseAppDistribution-Beta in Frameworks */,
				844627CF2F4ECA960054DD78 /* FirebasePerformance in Frameworks */,
				844627B92F4ECA960054DD78 /* FirebaseCore in Frameworks */,
				844627872F4EC69C0054DD78 /* FirebaseFirestore in Frameworks */,
				844627B32F4ECA960054DD78 /* FirebaseAppDistribution-Beta in Frameworks */,
				844627C72F4ECA960054DD78 /* FirebaseInAppMessaging-Beta in Frameworks */,
				8446277F2F4EC69C0054DD78 /* FirebaseAuthCombine-Community in Frameworks */,
				844627BD2F4ECA960054DD78 /* FirebaseDatabase in Frameworks */,
				844627912F4EC69C0054DD78 /* FirebaseInstallations in Frameworks */,
				844627D52F4ECA960054DD78 /* FirebaseStorageCombine-Community in Frameworks */,
				844627712F4EC69C0054DD78 /* FirebaseAILogic in Frameworks */,
				844627C32F4ECA960054DD78 /* FirebaseFunctions in Frameworks */,
				844627772F4EC69C0054DD78 /* FirebaseAnalyticsIdentitySupport in Frameworks */,
				844627BF2F4ECA960054DD78 /* FirebaseFirestore in Frameworks */,
				8446278F2F4EC69C0054DD78 /* FirebaseInAppMessaging-Beta in Frameworks */,
				844627A92F4ECA960054DD78 /* FirebaseAILogic in Frameworks */,
				844627C92F4ECA960054DD78 /* FirebaseInstallations in Frameworks */,
				844627AF2F4ECA960054DD78 /* FirebaseAnalyticsIdentitySupport in Frameworks */,
				8446276F2F4EC69C0054DD78 /* FirebaseAI in Frameworks */,
				844627832F4EC69C0054DD78 /* FirebaseCrashlytics in Frameworks */,
				8446278D2F4EC69C0054DD78 /* FirebaseFunctionsCombine-Community in Frameworks */,
				844627CD2F4ECA960054DD78 /* FirebaseMessaging in Frameworks */,
				8446279D2F4EC69C0054DD78 /* FirebaseStorageCombine-Community in Frameworks */,
				844627852F4EC69C0054DD78 /* FirebaseDatabase in Frameworks */,
				844627C12F4ECA960054DD78 /* FirebaseFirestoreCombine-Community in Frameworks */,
				844627D32F4ECA960054DD78 /* FirebaseStorage in Frameworks */,
				844627BB2F4ECA960054DD78 /* FirebaseCrashlytics in Frameworks */,
				8446279B2F4EC69C0054DD78 /* FirebaseStorage in Frameworks */,
				844627C52F4ECA960054DD78 /* FirebaseFunctionsCombine-Community in Frameworks */,
				844627992F4EC69C0054DD78 /* FirebaseRemoteConfig in Frameworks */,
				844627732F4EC69C0054DD78 /* FirebaseAnalytics in Frameworks */,
				844627AB2F4ECA960054DD78 /* FirebaseAnalytics in Frameworks */,
				844627952F4EC69C0054DD78 /* FirebaseMessaging in Frameworks */,
				844627AD2F4ECA960054DD78 /* FirebaseAnalyticsCore in Frameworks */,
				844627932F4EC69C0054DD78 /* FirebaseMLModelDownloader in Frameworks */,
				844627972F4EC69C0054DD78 /* FirebasePerformance in Frameworks */,
				844627812F4EC69C0054DD78 /* FirebaseCore in Frameworks */,
				844627792F4EC69C0054DD78 /* FirebaseAppCheck in Frameworks */,
				844627752F4EC69C0054DD78 /* FirebaseAnalyticsCore in Frameworks */,
				8446278B2F4EC69C0054DD78 /* FirebaseFunctions in Frameworks */,
				844627B72F4ECA960054DD78 /* FirebaseAuthCombine-Community in Frameworks */,
				8446277D2F4EC69C0054DD78 /* FirebaseAuth in Frameworks */,
				844627D12F4ECA960054DD78 /* FirebaseRemoteConfig in Frameworks */,
				844627B12F4ECA960054DD78 /* FirebaseAppCheck in Frameworks */,
				844627CB2F4ECA960054DD78 /* FirebaseMLModelDownloader in Frameworks */,
				844627892F4EC69C0054DD78 /* FirebaseFirestoreCombine-Community in Frameworks */,
				844627B52F4ECA960054DD78 /* FirebaseAuth in Frameworks */,
			);
			runOnlyForDeploymentPostprocessing = 0;
		};
		8407D3812F4E7CD000967869 /* Frameworks */ = {
			isa = PBXFrameworksBuildPhase;
			buildActionMask = 2147483647;
			files = (
			);
			runOnlyForDeploymentPostprocessing = 0;
		};
		8407D38B2F4E7CD000967869 /* Frameworks */ = {
			isa = PBXFrameworksBuildPhase;
			buildActionMask = 2147483647;
			files = (
			);
			runOnlyForDeploymentPostprocessing = 0;
		};
/* End PBXFrameworksBuildPhase section */

/* Begin PBXGroup section */
		8407D36E2F4E7CD000967869 = {
			isa = PBXGroup;
			children = (
				8407D3792F4E7CD000967869 /* PlateShareBD */,
				8407D3872F4E7CD000967869 /* PlateShareBDTests */,
				8407D3912F4E7CD000967869 /* PlateShareBDUITests */,
				8407D3782F4E7CD000967869 /* Products */,
				8407D3A12F4E7D1400967869 /* PlateShare_Bangladesh_Blueprint.md */,
			);
			sourceTree = "<group>";
		};
		8407D3782F4E7CD000967869 /* Products */ = {
			isa = PBXGroup;
			children = (
				8407D3772F4E7CD000967869 /* PlateShareBD.app */,
				8407D3842F4E7CD000967869 /* PlateShareBDTests.xctest */,
				8407D38E2F4E7CD000967869 /* PlateShareBDUITests.xctest */,
			);
			name = Products;
			sourceTree = "<group>";
		};
/* End PBXGroup section */

/* Begin PBXNativeTarget section */
		8407D3762F4E7CD000967869 /* PlateShareBD */ = {
			isa = PBXNativeTarget;
			buildConfigurationList = 8407D3982F4E7CD000967869 /* Build configuration list for PBXNativeTarget "PlateShareBD" */;
			buildPhases = (
				8407D3732F4E7CD000967869 /* Sources */,
				8407D3742F4E7CD000967869 /* Frameworks */,
				8407D3752F4E7CD000967869 /* Resources */,
			);
			buildRules = (
			);
			dependencies = (
			);
			fileSystemSynchronizedGroups = (
				8407D3792F4E7CD000967869 /* PlateShareBD */,
			);
			name = PlateShareBD;
			packageProductDependencies = (
				8446276E2F4EC69C0054DD78 /* FirebaseAI */,
				844627702F4EC69C0054DD78 /* FirebaseAILogic */,
				844627722F4EC69C0054DD78 /* FirebaseAnalytics */,
				844627742F4EC69C0054DD78 /* FirebaseAnalyticsCore */,
				844627762F4EC69C0054DD78 /* FirebaseAnalyticsIdentitySupport */,
				844627782F4EC69C0054DD78 /* FirebaseAppCheck */,
				8446277A2F4EC69C0054DD78 /* FirebaseAppDistribution-Beta */,
				8446277C2F4EC69C0054DD78 /* FirebaseAuth */,
				8446277E2F4EC69C0054DD78 /* FirebaseAuthCombine-Community */,
				844627802F4EC69C0054DD78 /* FirebaseCore */,
				844627822F4EC69C0054DD78 /* FirebaseCrashlytics */,
				844627842F4EC69C0054DD78 /* FirebaseDatabase */,
				844627862F4EC69C0054DD78 /* FirebaseFirestore */,
				844627882F4EC69C0054DD78 /* FirebaseFirestoreCombine-Community */,
				8446278A2F4EC69C0054DD78 /* FirebaseFunctions */,
				8446278C2F4EC69C0054DD78 /* FirebaseFunctionsCombine-Community */,
				8446278E2F4EC69C0054DD78 /* FirebaseInAppMessaging-Beta */,
				844627902F4EC69C0054DD78 /* FirebaseInstallations */,
				844627922F4EC69C0054DD78 /* FirebaseMLModelDownloader */,
				844627942F4EC69C0054DD78 /* FirebaseMessaging */,
				844627962F4EC69C0054DD78 /* FirebasePerformance */,
				844627982F4EC69C0054DD78 /* FirebaseRemoteConfig */,
				8446279A2F4EC69C0054DD78 /* FirebaseStorage */,
				8446279C2F4EC69C0054DD78 /* FirebaseStorageCombine-Community */,
				844627A62F4ECA960054DD78 /* FirebaseAI */,
				844627A82F4ECA960054DD78 /* FirebaseAILogic */,
				844627AA2F4ECA960054DD78 /* FirebaseAnalytics */,
				844627AC2F4ECA960054DD78 /* FirebaseAnalyticsCore */,
				844627AE2F4ECA960054DD78 /* FirebaseAnalyticsIdentitySupport */,
				844627B02F4ECA960054DD78 /* FirebaseAppCheck */,
				844627B22F4ECA960054DD78 /* FirebaseAppDistribution-Beta */,
				844627B42F4ECA960054DD78 /* FirebaseAuth */,
				844627B62F4ECA960054DD78 /* FirebaseAuthCombine-Community */,
				844627B82F4ECA960054DD78 /* FirebaseCore */,
				844627BA2F4ECA960054DD78 /* FirebaseCrashlytics */,
				844627BC2F4ECA960054DD78 /* FirebaseDatabase */,
				844627BE2F4ECA960054DD78 /* FirebaseFirestore */,
				844627C02F4ECA960054DD78 /* FirebaseFirestoreCombine-Community */,
				844627C22F4ECA960054DD78 /* FirebaseFunctions */,
				844627C42F4ECA960054DD78 /* FirebaseFunctionsCombine-Community */,
				844627C62F4ECA960054DD78 /* FirebaseInAppMessaging-Beta */,
				844627C82F4ECA960054DD78 /* FirebaseInstallations */,
				844627CA2F4ECA960054DD78 /* FirebaseMLModelDownloader */,
				844627CC2F4ECA960054DD78 /* FirebaseMessaging */,
				844627CE2F4ECA960054DD78 /* FirebasePerformance */,
				844627D02F4ECA960054DD78 /* FirebaseRemoteConfig */,
				844627D22F4ECA960054DD78 /* FirebaseStorage */,
				844627D42F4ECA960054DD78 /* FirebaseStorageCombine-Community */,
			);
			productName = PlateShareBD;
			productReference = 8407D3772F4E7CD000967869 /* PlateShareBD.app */;
			productType = "com.apple.product-type.application";
		};
		8407D3832F4E7CD000967869 /* PlateShareBDTests */ = {
			isa = PBXNativeTarget;
			buildConfigurationList = 8407D39B2F4E7CD000967869 /* Build configuration list for PBXNativeTarget "PlateShareBDTests" */;
			buildPhases = (
				8407D3802F4E7CD000967869 /* Sources */,
				8407D3812F4E7CD000967869 /* Frameworks */,
				8407D3822F4E7CD000967869 /* Resources */,
			);
			buildRules = (
			);
			dependencies = (
				8407D3862F4E7CD000967869 /* PBXTargetDependency */,
			);
			fileSystemSynchronizedGroups = (
				8407D3872F4E7CD000967869 /* PlateShareBDTests */,
			);
			name = PlateShareBDTests;
			packageProductDependencies = (
			);
			productName = PlateShareBDTests;
			productReference = 8407D3842F4E7CD000967869 /* PlateShareBDTests.xctest */;
			productType = "com.apple.product-type.bundle.unit-test";
		};
		8407D38D2F4E7CD000967869 /* PlateShareBDUITests */ = {
			isa = PBXNativeTarget;
			buildConfigurationList = 8407D39E2F4E7CD000967869 /* Build configuration list for PBXNativeTarget "PlateShareBDUITests" */;
			buildPhases = (
				8407D38A2F4E7CD000967869 /* Sources */,
				8407D38B2F4E7CD000967869 /* Frameworks */,
				8407D38C2F4E7CD000967869 /* Resources */,
			);
			buildRules = (
			);
			dependencies = (
				8407D3902F4E7CD000967869 /* PBXTargetDependency */,
			);
			fileSystemSynchronizedGroups = (
				8407D3912F4E7CD000967869 /* PlateShareBDUITests */,
			);
			name = PlateShareBDUITests;
			packageProductDependencies = (
			);
			productName = PlateShareBDUITests;
			productReference = 8407D38E2F4E7CD000967869 /* PlateShareBDUITests.xctest */;
			productType = "com.apple.product-type.bundle.ui-testing";
		};
/* End PBXNativeTarget section */

/* Begin PBXProject section */
		8407D36F2F4E7CD000967869 /* Project object */ = {
			isa = PBXProject;
			attributes = {
				BuildIndependentTargetsInParallel = 1;
				LastSwiftUpdateCheck = 1630;
				LastUpgradeCheck = 1630;
				TargetAttributes = {
					8407D3762F4E7CD000967869 = {
						CreatedOnToolsVersion = 16.3;
					};
					8407D3832F4E7CD000967869 = {
						CreatedOnToolsVersion = 16.3;
						TestTargetID = 8407D3762F4E7CD000967869;
					};
					8407D38D2F4E7CD000967869 = {
						CreatedOnToolsVersion = 16.3;
						TestTargetID = 8407D3762F4E7CD000967869;
					};
				};
			};
			buildConfigurationList = 8407D3722F4E7CD000967869 /* Build configuration list for PBXProject "PlateShareBD" */;
			developmentRegion = en;
			hasScannedForEncodings = 0;
			knownRegions = (
				en,
				Base,
			);
			mainGroup = 8407D36E2F4E7CD000967869;
			minimizedProjectReferenceProxies = 1;
			packageReferences = (
				8407D3AB2F4E7F9A00967869 /* XCRemoteSwiftPackageReference "firebase-ios-sdk" */,
			);
			preferredProjectObjectVersion = 77;
			productRefGroup = 8407D3782F4E7CD000967869 /* Products */;
			projectDirPath = "";
			projectRoot = "";
			targets = (
				8407D3762F4E7CD000967869 /* PlateShareBD */,
				8407D3832F4E7CD000967869 /* PlateShareBDTests */,
				8407D38D2F4E7CD000967869 /* PlateShareBDUITests */,
			);
		};
/* End PBXProject section */

/* Begin PBXResourcesBuildPhase section */
		8407D3752F4E7CD000967869 /* Resources */ = {
			isa = PBXResourcesBuildPhase;
			buildActionMask = 2147483647;
			files = (
				8407D3A22F4E7D1400967869 /* PlateShare_Bangladesh_Blueprint.md in Resources */,
			);
			runOnlyForDeploymentPostprocessing = 0;
		};
		8407D3822F4E7CD000967869 /* Resources */ = {
			isa = PBXResourcesBuildPhase;
			buildActionMask = 2147483647;
			files = (
			);
			runOnlyForDeploymentPostprocessing = 0;
		};
		8407D38C2F4E7CD000967869 /* Resources */ = {
			isa = PBXResourcesBuildPhase;
			buildActionMask = 2147483647;
			files = (
			);
			runOnlyForDeploymentPostprocessing = 0;
		};
/* End PBXResourcesBuildPhase section */

/* Begin PBXSourcesBuildPhase section */
		8407D3732F4E7CD000967869 /* Sources */ = {
			isa = PBXSourcesBuildPhase;
			buildActionMask = 2147483647;
			files = (
			);
			runOnlyForDeploymentPostprocessing = 0;
		};
		8407D3802F4E7CD000967869 /* Sources */ = {
			isa = PBXSourcesBuildPhase;
			buildActionMask = 2147483647;
			files = (
			);
			runOnlyForDeploymentPostprocessing = 0;
		};
		8407D38A2F4E7CD000967869 /* Sources */ = {
			isa = PBXSourcesBuildPhase;
			buildActionMask = 2147483647;
			files = (
			);
			runOnlyForDeploymentPostprocessing = 0;
		};
/* End PBXSourcesBuildPhase section */

/* Begin PBXTargetDependency section */
		8407D3862F4E7CD000967869 /* PBXTargetDependency */ = {
			isa = PBXTargetDependency;
			target = 8407D3762F4E7CD000967869 /* PlateShareBD */;
			targetProxy = 8407D3852F4E7CD000967869 /* PBXContainerItemProxy */;
		};
		8407D3902F4E7CD000967869 /* PBXTargetDependency */ = {
			isa = PBXTargetDependency;
			target = 8407D3762F4E7CD000967869 /* PlateShareBD */;
			targetProxy = 8407D38F2F4E7CD000967869 /* PBXContainerItemProxy */;
		};
/* End PBXTargetDependency section */

/* Begin XCBuildConfiguration section */
		8407D3962F4E7CD000967869 /* Debug */ = {
			isa = XCBuildConfiguration;
			buildSettings = {
				ALWAYS_SEARCH_USER_PATHS = NO;
				ASSETCATALOG_COMPILER_GENERATE_SWIFT_ASSET_SYMBOL_EXTENSIONS = YES;
				CLANG_ANALYZER_NONNULL = YES;
				CLANG_ANALYZER_NUMBER_OBJECT_CONVERSION = YES_AGGRESSIVE;
				CLANG_CXX_LANGUAGE_STANDARD = "gnu++20";
				CLANG_ENABLE_MODULES = YES;
				CLANG_ENABLE_OBJC_ARC = YES;
				CLANG_ENABLE_OBJC_WEAK = YES;
				CLANG_WARN_BLOCK_CAPTURE_AUTORELEASING = YES;
				CLANG_WARN_BOOL_CONVERSION = YES;
				CLANG_WARN_COMMA = YES;
				CLANG_WARN_CONSTANT_CONVERSION = YES;
				CLANG_WARN_DEPRECATED_OBJC_IMPLEMENTATIONS = YES;
				CLANG_WARN_DIRECT_OBJC_ISA_USAGE = YES_ERROR;
				CLANG_WARN_DOCUMENTATION_COMMENTS = YES;
				CLANG_WARN_EMPTY_BODY = YES;
				CLANG_WARN_ENUM_CONVERSION = YES;
				CLANG_WARN_INFINITE_RECURSION = YES;
				CLANG_WARN_INT_CONVERSION = YES;
				CLANG_WARN_NON_LITERAL_NULL_CONVERSION = YES;
				CLANG_WARN_OBJC_IMPLICIT_RETAIN_SELF = YES;
				CLANG_WARN_OBJC_LITERAL_CONVERSION = YES;
				CLANG_WARN_OBJC_ROOT_CLASS = YES_ERROR;
				CLANG_WARN_QUOTED_INCLUDE_IN_FRAMEWORK_HEADER = YES;
				CLANG_WARN_RANGE_LOOP_ANALYSIS = YES;
				CLANG_WARN_STRICT_PROTOTYPES = YES;
				CLANG_WARN_SUSPICIOUS_MOVE = YES;
				CLANG_WARN_UNGUARDED_AVAILABILITY = YES_AGGRESSIVE;
				CLANG_WARN_UNREACHABLE_CODE = YES;
				CLANG_WARN__DUPLICATE_METHOD_MATCH = YES;
				COPY_PHASE_STRIP = NO;
				DEBUG_INFORMATION_FORMAT = dwarf;
				ENABLE_STRICT_OBJC_MSGSEND = YES;
				ENABLE_TESTABILITY = YES;
				ENABLE_USER_SCRIPT_SANDBOXING = YES;
				GCC_C_LANGUAGE_STANDARD = gnu17;
				GCC_DYNAMIC_NO_PIC = NO;
				GCC_NO_COMMON_BLOCKS = YES;
				GCC_OPTIMIZATION_LEVEL = 0;
				GCC_PREPROCESSOR_DEFINITIONS = (
					"DEBUG=1",
					"$(inherited)",
				);
				GCC_WARN_64_TO_32_BIT_CONVERSION = YES;
				GCC_WARN_ABOUT_RETURN_TYPE = YES_ERROR;
				GCC_WARN_UNDECLARED_SELECTOR = YES;
				GCC_WARN_UNINITIALIZED_AUTOS = YES_AGGRESSIVE;
				GCC_WARN_UNUSED_FUNCTION = YES;
				GCC_WARN_UNUSED_VARIABLE = YES;
				IPHONEOS_DEPLOYMENT_TARGET = 18.4;
				LOCALIZATION_PREFERS_STRING_CATALOGS = YES;
				MTL_ENABLE_DEBUG_INFO = INCLUDE_SOURCE;
				MTL_FAST_MATH = YES;
				ONLY_ACTIVE_ARCH = YES;
				SDKROOT = iphoneos;
				SWIFT_ACTIVE_COMPILATION_CONDITIONS = "DEBUG $(inherited)";
				SWIFT_OPTIMIZATION_LEVEL = "-Onone";
			};
			name = Debug;
		};
		8407D3972F4E7CD000967869 /* Release */ = {
			isa = XCBuildConfiguration;
			buildSettings = {
				ALWAYS_SEARCH_USER_PATHS = NO;
				ASSETCATALOG_COMPILER_GENERATE_SWIFT_ASSET_SYMBOL_EXTENSIONS = YES;
				CLANG_ANALYZER_NONNULL = YES;
				CLANG_ANALYZER_NUMBER_OBJECT_CONVERSION = YES_AGGRESSIVE;
				CLANG_CXX_LANGUAGE_STANDARD = "gnu++20";
				CLANG_ENABLE_MODULES = YES;
				CLANG_ENABLE_OBJC_ARC = YES;
				CLANG_ENABLE_OBJC_WEAK = YES;
				CLANG_WARN_BLOCK_CAPTURE_AUTORELEASING = YES;
				CLANG_WARN_BOOL_CONVERSION = YES;
				CLANG_WARN_COMMA = YES;
				CLANG_WARN_CONSTANT_CONVERSION = YES;
				CLANG_WARN_DEPRECATED_OBJC_IMPLEMENTATIONS = YES;
				CLANG_WARN_DIRECT_OBJC_ISA_USAGE = YES_ERROR;
				CLANG_WARN_DOCUMENTATION_COMMENTS = YES;
				CLANG_WARN_EMPTY_BODY = YES;
				CLANG_WARN_ENUM_CONVERSION = YES;
				CLANG_WARN_INFINITE_RECURSION = YES;
				CLANG_WARN_INT_CONVERSION = YES;
				CLANG_WARN_NON_LITERAL_NULL_CONVERSION = YES;
				CLANG_WARN_OBJC_IMPLICIT_RETAIN_SELF = YES;
				CLANG_WARN_OBJC_LITERAL_CONVERSION = YES;
				CLANG_WARN_OBJC_ROOT_CLASS = YES_ERROR;
				CLANG_WARN_QUOTED_INCLUDE_IN_FRAMEWORK_HEADER = YES;
				CLANG_WARN_RANGE_LOOP_ANALYSIS = YES;
				CLANG_WARN_STRICT_PROTOTYPES = YES;
				CLANG_WARN_SUSPICIOUS_MOVE = YES;
				CLANG_WARN_UNGUARDED_AVAILABILITY = YES_AGGRESSIVE;
				CLANG_WARN_UNREACHABLE_CODE = YES;
				CLANG_WARN__DUPLICATE_METHOD_MATCH = YES;
				COPY_PHASE_STRIP = NO;
				DEBUG_INFORMATION_FORMAT = "dwarf-with-dsym";
				ENABLE_NS_ASSERTIONS = NO;
				ENABLE_STRICT_OBJC_MSGSEND = YES;
				ENABLE_USER_SCRIPT_SANDBOXING = YES;
				GCC_C_LANGUAGE_STANDARD = gnu17;
				GCC_NO_COMMON_BLOCKS = YES;
				GCC_WARN_64_TO_32_BIT_CONVERSION = YES;
				GCC_WARN_ABOUT_RETURN_TYPE = YES_ERROR;
				GCC_WARN_UNDECLARED_SELECTOR = YES;
				GCC_WARN_UNINITIALIZED_AUTOS = YES_AGGRESSIVE;
				GCC_WARN_UNUSED_FUNCTION = YES;
				GCC_WARN_UNUSED_VARIABLE = YES;
				IPHONEOS_DEPLOYMENT_TARGET = 18.4;
				LOCALIZATION_PREFERS_STRING_CATALOGS = YES;
				MTL_ENABLE_DEBUG_INFO = NO;
				MTL_FAST_MATH = YES;
				SDKROOT = iphoneos;
				SWIFT_COMPILATION_MODE = wholemodule;
				VALIDATE_PRODUCT = YES;
			};
			name = Release;
		};
		8407D3992F4E7CD000967869 /* Debug */ = {
			isa = XCBuildConfiguration;
			buildSettings = {
				ASSETCATALOG_COMPILER_APPICON_NAME = AppIcon;
				ASSETCATALOG_COMPILER_GLOBAL_ACCENT_COLOR_NAME = AccentColor;
				CODE_SIGN_ENTITLEMENTS = PlateShareBD/PlateShareBD.entitlements;
				CODE_SIGN_STYLE = Automatic;
				CURRENT_PROJECT_VERSION = 1;
				ENABLE_PREVIEWS = YES;
				GENERATE_INFOPLIST_FILE = YES;
				INFOPLIST_FILE = PlateShareBD/Info.plist;
				INFOPLIST_KEY_UIApplicationSceneManifest_Generation = YES;
				INFOPLIST_KEY_UIApplicationSupportsIndirectInputEvents = YES;
				INFOPLIST_KEY_UILaunchScreen_Generation = YES;
				INFOPLIST_KEY_UISupportedInterfaceOrientations_iPad = "UIInterfaceOrientationPortrait UIInterfaceOrientationPortraitUpsideDown UIInterfaceOrientationLandscapeLeft UIInterfaceOrientationLandscapeRight";
				INFOPLIST_KEY_UISupportedInterfaceOrientations_iPhone = "UIInterfaceOrientationPortrait UIInterfaceOrientationLandscapeLeft UIInterfaceOrientationLandscapeRight";
				LD_RUNPATH_SEARCH_PATHS = (
					"$(inherited)",
					"@executable_path/Frameworks",
				);
				MARKETING_VERSION = 1.0;
				PRODUCT_BUNDLE_IDENTIFIER = skt.PlateShareBD;
				PRODUCT_NAME = "$(TARGET_NAME)";
				SWIFT_EMIT_LOC_STRINGS = YES;
				SWIFT_VERSION = 5.0;
				TARGETED_DEVICE_FAMILY = "1,2";
			};
			name = Debug;
		};
		8407D39A2F4E7CD000967869 /* Release */ = {
			isa = XCBuildConfiguration;
			buildSettings = {
				ASSETCATALOG_COMPILER_APPICON_NAME = AppIcon;
				ASSETCATALOG_COMPILER_GLOBAL_ACCENT_COLOR_NAME = AccentColor;
				CODE_SIGN_ENTITLEMENTS = PlateShareBD/PlateShareBD.entitlements;
				CODE_SIGN_STYLE = Automatic;
				CURRENT_PROJECT_VERSION = 1;
				ENABLE_PREVIEWS = YES;
				GENERATE_INFOPLIST_FILE = YES;
				INFOPLIST_FILE = PlateShareBD/Info.plist;
				INFOPLIST_KEY_UIApplicationSceneManifest_Generation = YES;
				INFOPLIST_KEY_UIApplicationSupportsIndirectInputEvents = YES;
				INFOPLIST_KEY_UILaunchScreen_Generation = YES;
				INFOPLIST_KEY_UISupportedInterfaceOrientations_iPad = "UIInterfaceOrientationPortrait UIInterfaceOrientationPortraitUpsideDown UIInterfaceOrientationLandscapeLeft UIInterfaceOrientationLandscapeRight";
				INFOPLIST_KEY_UISupportedInterfaceOrientations_iPhone = "UIInterfaceOrientationPortrait UIInterfaceOrientationLandscapeLeft UIInterfaceOrientationLandscapeRight";
				LD_RUNPATH_SEARCH_PATHS = (
					"$(inherited)",
					"@executable_path/Frameworks",
				);
				MARKETING_VERSION = 1.0;
				PRODUCT_BUNDLE_IDENTIFIER = skt.PlateShareBD;
				PRODUCT_NAME = "$(TARGET_NAME)";
				SWIFT_EMIT_LOC_STRINGS = YES;
				SWIFT_VERSION = 5.0;
				TARGETED_DEVICE_FAMILY = "1,2";
			};
			name = Release;
		};
		8407D39C2F4E7CD000967869 /* Debug */ = {
			isa = XCBuildConfiguration;
			buildSettings = {
				BUNDLE_LOADER = "$(TEST_HOST)";
				CODE_SIGN_STYLE = Automatic;
				CURRENT_PROJECT_VERSION = 1;
				GENERATE_INFOPLIST_FILE = YES;
				IPHONEOS_DEPLOYMENT_TARGET = 18.4;
				MARKETING_VERSION = 1.0;
				PRODUCT_BUNDLE_IDENTIFIER = skt.PlateShareBDTests;
				PRODUCT_NAME = "$(TARGET_NAME)";
				SWIFT_EMIT_LOC_STRINGS = NO;
				SWIFT_VERSION = 5.0;
				TARGETED_DEVICE_FAMILY = "1,2";
				TEST_HOST = "$(BUILT_PRODUCTS_DIR)/PlateShareBD.app/$(BUNDLE_EXECUTABLE_FOLDER_PATH)/PlateShareBD";
			};
			name = Debug;
		};
		8407D39D2F4E7CD000967869 /* Release */ = {
			isa = XCBuildConfiguration;
			buildSettings = {
				BUNDLE_LOADER = "$(TEST_HOST)";
				CODE_SIGN_STYLE = Automatic;
				CURRENT_PROJECT_VERSION = 1;
				GENERATE_INFOPLIST_FILE = YES;
				IPHONEOS_DEPLOYMENT_TARGET = 18.4;
				MARKETING_VERSION = 1.0;
				PRODUCT_BUNDLE_IDENTIFIER = skt.PlateShareBDTests;
				PRODUCT_NAME = "$(TARGET_NAME)";
				SWIFT_EMIT_LOC_STRINGS = NO;
				SWIFT_VERSION = 5.0;
				TARGETED_DEVICE_FAMILY = "1,2";
				TEST_HOST = "$(BUILT_PRODUCTS_DIR)/PlateShareBD.app/$(BUNDLE_EXECUTABLE_FOLDER_PATH)/PlateShareBD";
			};
			name = Release;
		};
		8407D39F2F4E7CD000967869 /* Debug */ = {
			isa = XCBuildConfiguration;
			buildSettings = {
				CODE_SIGN_STYLE = Automatic;
				CURRENT_PROJECT_VERSION = 1;
				GENERATE_INFOPLIST_FILE = YES;
				MARKETING_VERSION = 1.0;
				PRODUCT_BUNDLE_IDENTIFIER = skt.PlateShareBDUITests;
				PRODUCT_NAME = "$(TARGET_NAME)";
				SWIFT_EMIT_LOC_STRINGS = NO;
				SWIFT_VERSION = 5.0;
				TARGETED_DEVICE_FAMILY = "1,2";
				TEST_TARGET_NAME = PlateShareBD;
			};
			name = Debug;
		};
		8407D3A02F4E7CD000967869 /* Release */ = {
			isa = XCBuildConfiguration;
			buildSettings = {
				CODE_SIGN_STYLE = Automatic;
				CURRENT_PROJECT_VERSION = 1;
				GENERATE_INFOPLIST_FILE = YES;
				MARKETING_VERSION = 1.0;
				PRODUCT_BUNDLE_IDENTIFIER = skt.PlateShareBDUITests;
				PRODUCT_NAME = "$(TARGET_NAME)";
				SWIFT_EMIT_LOC_STRINGS = NO;
				SWIFT_VERSION = 5.0;
				TARGETED_DEVICE_FAMILY = "1,2";
				TEST_TARGET_NAME = PlateShareBD;
			};
			name = Release;
		};
/* End XCBuildConfiguration section */

/* Begin XCConfigurationList section */
		8407D3722F4E7CD000967869 /* Build configuration list for PBXProject "PlateShareBD" */ = {
			isa = XCConfigurationList;
			buildConfigurations = (
				8407D3962F4E7CD000967869 /* Debug */,
				8407D3972F4E7CD000967869 /* Release */,
			);
			defaultConfigurationIsVisible = 0;
			defaultConfigurationName = Release;
		};
		8407D3982F4E7CD000967869 /* Build configuration list for PBXNativeTarget "PlateShareBD" */ = {
			isa = XCConfigurationList;
			buildConfigurations = (
				8407D3992F4E7CD000967869 /* Debug */,
				8407D39A2F4E7CD000967869 /* Release */,
			);
			defaultConfigurationIsVisible = 0;
			defaultConfigurationName = Release;
		};
		8407D39B2F4E7CD000967869 /* Build configuration list for PBXNativeTarget "PlateShareBDTests" */ = {
			isa = XCConfigurationList;
			buildConfigurations = (
				8407D39C2F4E7CD000967869 /* Debug */,
				8407D39D2F4E7CD000967869 /* Release */,
			);
			defaultConfigurationIsVisible = 0;
			defaultConfigurationName = Release;
		};
		8407D39E2F4E7CD000967869 /* Build configuration list for PBXNativeTarget "PlateShareBDUITests" */ = {
			isa = XCConfigurationList;
			buildConfigurations = (
				8407D39F2F4E7CD000967869 /* Debug */,
				8407D3A02F4E7CD000967869 /* Release */,
			);
			defaultConfigurationIsVisible = 0;
			defaultConfigurationName = Release;
		};
/* End XCConfigurationList section */

/* Begin XCRemoteSwiftPackageReference section */
		8407D3AB2F4E7F9A00967869 /* XCRemoteSwiftPackageReference "firebase-ios-sdk" */ = {
			isa = XCRemoteSwiftPackageReference;
			repositoryURL = "https://github.com/firebase/firebase-ios-sdk";
			requirement = {
				kind = upToNextMajorVersion;
				minimumVersion = 12.9.0;
			};
		};
/* End XCRemoteSwiftPackageReference section */

/* Begin XCSwiftPackageProductDependency section */
		8446276E2F4EC69C0054DD78 /* FirebaseAI */ = {
			isa = XCSwiftPackageProductDependency;
			productName = FirebaseAI;
		};
		844627702F4EC69C0054DD78 /* FirebaseAILogic */ = {
			isa = XCSwiftPackageProductDependency;
			productName = FirebaseAILogic;
		};
		844627722F4EC69C0054DD78 /* FirebaseAnalytics */ = {
			isa = XCSwiftPackageProductDependency;
			productName = FirebaseAnalytics;
		};
		844627742F4EC69C0054DD78 /* FirebaseAnalyticsCore */ = {
			isa = XCSwiftPackageProductDependency;
			productName = FirebaseAnalyticsCore;
		};
		844627762F4EC69C0054DD78 /* FirebaseAnalyticsIdentitySupport */ = {
			isa = XCSwiftPackageProductDependency;
			productName = FirebaseAnalyticsIdentitySupport;
		};
		844627782F4EC69C0054DD78 /* FirebaseAppCheck */ = {
			isa = XCSwiftPackageProductDependency;
			productName = FirebaseAppCheck;
		};
		8446277A2F4EC69C0054DD78 /* FirebaseAppDistribution-Beta */ = {
			isa = XCSwiftPackageProductDependency;
			productName = "FirebaseAppDistribution-Beta";
		};
		8446277C2F4EC69C0054DD78 /* FirebaseAuth */ = {
			isa = XCSwiftPackageProductDependency;
			productName = FirebaseAuth;
		};
		8446277E2F4EC69C0054DD78 /* FirebaseAuthCombine-Community */ = {
			isa = XCSwiftPackageProductDependency;
			productName = "FirebaseAuthCombine-Community";
		};
		844627802F4EC69C0054DD78 /* FirebaseCore */ = {
			isa = XCSwiftPackageProductDependency;
			productName = FirebaseCore;
		};
		844627822F4EC69C0054DD78 /* FirebaseCrashlytics */ = {
			isa = XCSwiftPackageProductDependency;
			productName = FirebaseCrashlytics;
		};
		844627842F4EC69C0054DD78 /* FirebaseDatabase */ = {
			isa = XCSwiftPackageProductDependency;
			productName = FirebaseDatabase;
		};
		844627862F4EC69C0054DD78 /* FirebaseFirestore */ = {
			isa = XCSwiftPackageProductDependency;
			productName = FirebaseFirestore;
		};
		844627882F4EC69C0054DD78 /* FirebaseFirestoreCombine-Community */ = {
			isa = XCSwiftPackageProductDependency;
			productName = "FirebaseFirestoreCombine-Community";
		};
		8446278A2F4EC69C0054DD78 /* FirebaseFunctions */ = {
			isa = XCSwiftPackageProductDependency;
			productName = FirebaseFunctions;
		};
		8446278C2F4EC69C0054DD78 /* FirebaseFunctionsCombine-Community */ = {
			isa = XCSwiftPackageProductDependency;
			productName = "FirebaseFunctionsCombine-Community";
		};
		8446278E2F4EC69C0054DD78 /* FirebaseInAppMessaging-Beta */ = {
			isa = XCSwiftPackageProductDependency;
			productName = "FirebaseInAppMessaging-Beta";
		};
		844627902F4EC69C0054DD78 /* FirebaseInstallations */ = {
			isa = XCSwiftPackageProductDependency;
			productName = FirebaseInstallations;
		};
		844627922F4EC69C0054DD78 /* FirebaseMLModelDownloader */ = {
			isa = XCSwiftPackageProductDependency;
			productName = FirebaseMLModelDownloader;
		};
		844627942F4EC69C0054DD78 /* FirebaseMessaging */ = {
			isa = XCSwiftPackageProductDependency;
			productName = FirebaseMessaging;
		};
		844627962F4EC69C0054DD78 /* FirebasePerformance */ = {
			isa = XCSwiftPackageProductDependency;
			productName = FirebasePerformance;
		};
		844627982F4EC69C0054DD78 /* FirebaseRemoteConfig */ = {
			isa = XCSwiftPackageProductDependency;
			productName = FirebaseRemoteConfig;
		};
		8446279A2F4EC69C0054DD78 /* FirebaseStorage */ = {
			isa = XCSwiftPackageProductDependency;
			productName = FirebaseStorage;
		};
		8446279C2F4EC69C0054DD78 /* FirebaseStorageCombine-Community */ = {
			isa = XCSwiftPackageProductDependency;
			productName = "FirebaseStorageCombine-Community";
		};
		844627A62F4ECA960054DD78 /* FirebaseAI */ = {
			isa = XCSwiftPackageProductDependency;
			productName = FirebaseAI;
		};
		844627A82F4ECA960054DD78 /* FirebaseAILogic */ = {
			isa = XCSwiftPackageProductDependency;
			productName = FirebaseAILogic;
		};
		844627AA2F4ECA960054DD78 /* FirebaseAnalytics */ = {
			isa = XCSwiftPackageProductDependency;
			productName = FirebaseAnalytics;
		};
		844627AC2F4ECA960054DD78 /* FirebaseAnalyticsCore */ = {
			isa = XCSwiftPackageProductDependency;
			productName = FirebaseAnalyticsCore;
		};
		844627AE2F4ECA960054DD78 /* FirebaseAnalyticsIdentitySupport */ = {
			isa = XCSwiftPackageProductDependency;
			productName = FirebaseAnalyticsIdentitySupport;
		};
		844627B02F4ECA960054DD78 /* FirebaseAppCheck */ = {
			isa = XCSwiftPackageProductDependency;
			productName = FirebaseAppCheck;
		};
		844627B22F4ECA960054DD78 /* FirebaseAppDistribution-Beta */ = {
			isa = XCSwiftPackageProductDependency;
			productName = "FirebaseAppDistribution-Beta";
		};
		844627B42F4ECA960054DD78 /* FirebaseAuth */ = {
			isa = XCSwiftPackageProductDependency;
			productName = FirebaseAuth;
		};
		844627B62F4ECA960054DD78 /* FirebaseAuthCombine-Community */ = {
			isa = XCSwiftPackageProductDependency;
			productName = "FirebaseAuthCombine-Community";
		};
		844627B82F4ECA960054DD78 /* FirebaseCore */ = {
			isa = XCSwiftPackageProductDependency;
			productName = FirebaseCore;
		};
		844627BA2F4ECA960054DD78 /* FirebaseCrashlytics */ = {
			isa = XCSwiftPackageProductDependency;
			productName = FirebaseCrashlytics;
		};
		844627BC2F4ECA960054DD78 /* FirebaseDatabase */ = {
			isa = XCSwiftPackageProductDependency;
			productName = FirebaseDatabase;
		};
		844627BE2F4ECA960054DD78 /* FirebaseFirestore */ = {
			isa = XCSwiftPackageProductDependency;
			productName = FirebaseFirestore;
		};
		844627C02F4ECA960054DD78 /* FirebaseFirestoreCombine-Community */ = {
			isa = XCSwiftPackageProductDependency;
			productName = "FirebaseFirestoreCombine-Community";
		};
		844627C22F4ECA960054DD78 /* FirebaseFunctions */ = {
			isa = XCSwiftPackageProductDependency;
			productName = FirebaseFunctions;
		};
		844627C42F4ECA960054DD78 /* FirebaseFunctionsCombine-Community */ = {
			isa = XCSwiftPackageProductDependency;
			productName = "FirebaseFunctionsCombine-Community";
		};
		844627C62F4ECA960054DD78 /* FirebaseInAppMessaging-Beta */ = {
			isa = XCSwiftPackageProductDependency;
			productName = "FirebaseInAppMessaging-Beta";
		};
		844627C82F4ECA960054DD78 /* FirebaseInstallations */ = {
			isa = XCSwiftPackageProductDependency;
			productName = FirebaseInstallations;
		};
		844627CA2F4ECA960054DD78 /* FirebaseMLModelDownloader */ = {
			isa = XCSwiftPackageProductDependency;
			productName = FirebaseMLModelDownloader;
		};
		844627CC2F4ECA960054DD78 /* FirebaseMessaging */ = {
			isa = XCSwiftPackageProductDependency;
			productName = FirebaseMessaging;
		};
		844627CE2F4ECA960054DD78 /* FirebasePerformance */ = {
			isa = XCSwiftPackageProductDependency;
			productName = FirebasePerformance;
		};
		844627D02F4ECA960054DD78 /* FirebaseRemoteConfig */ = {
			isa = XCSwiftPackageProductDependency;
			productName = FirebaseRemoteConfig;
		};
		844627D22F4ECA960054DD78 /* FirebaseStorage */ = {
			isa = XCSwiftPackageProductDependency;
			productName = FirebaseStorage;
		};
		844627D42F4ECA960054DD78 /* FirebaseStorageCombine-Community */ = {
			isa = XCSwiftPackageProductDependency;
			productName = "FirebaseStorageCombine-Community";
		};
/* End XCSwiftPackageProductDependency section */
	};
	rootObject = 8407D36F2F4E7CD000967869 /* Project object */;
}
